
Microsoft Visual Studio Solution File, Format Version 12.00
# Visual Studio 15
VisualStudioVersion = 15.0.27703.2047
MinimumVisualStudioVersion = 10.0.40219.1
Project("{9A19103F-16F7-4668-BE54-9A1E7A4F7556}") = "dotnet_portfolio", "dotnet_portfolio.csproj", "{A2243CF1-D767-4A0C-AFB1-9B220497A22D}"
EndProject
Global
	GlobalSection(SolutionConfigurationPlatforms) = preSolution
		Debug|Any CPU = Debug|Any CPU
		Release|Any CPU = Release|Any CPU
	EndGlobalSection
	GlobalSection(ProjectConfigurationPlatforms) = postSolution
		{A2243CF1-D767-4A0C-AFB1-9B220497A22D}.Debug|Any CPU.ActiveCfg = Debug|Any CPU
		{A2243CF1-D767-4A0C-AFB1-9B220497A22D}.Debug|Any CPU.Build.0 = Debug|Any CPU
		{A2243CF1-D767-4A0C-AFB1-9B220497A22D}.Release|Any CPU.ActiveCfg = Release|Any CPU
		{A2243CF1-D767-4A0C-AFB1-9B220497A22D}.Release|Any CPU.Build.0 = Release|Any CPU
	EndGlobalSection
	GlobalSection(SolutionProperties) = preSolution
		HideSolutionNode = FALSE
	EndGlobalSection
	GlobalSection(ExtensibilityGlobals) = postSolution
		SolutionGuid = {98FF0D95-E393-4ADE-BC74-A8BE20CAE37B}
	EndGlobalSection
EndGlobal
